
Microsoft Visual Studio Solution File, Format Version 12.00
# Visual Studio Version 17
VisualStudioVersion = 17.4.33205.214
MinimumVisualStudioVersion = 10.0.40219.1
Project("{9A19103F-16F7-4668-BE54-9A1E7A4F7556}") = "Globomantics.Server", "Globomantics\Server\Globomantics.Server.csproj", "{1B672C0D-EB9E-4800-8972-BFF55DD73FC0}"
EndProject
Project("{9A19103F-16F7-4668-BE54-9A1E7A4F7556}") = "Globomantics.Client", "Globomantics\Client\Globomantics.Client.csproj", "{A1A7A4ED-0333-4983-B945-21008D6F22D5}"
EndProject
Project("{9A19103F-16F7-4668-BE54-9A1E7A4F7556}") = "Globomantics.Shared", "Globomantics\Shared\Globomantics.Shared.csproj", "{6A199F44-808D-48A7-9EB3-10511ADC2603}"
EndProject
Project("{9A19103F-16F7-4668-BE54-9A1E7A4F7556}") = "IdentityProvider", "Globomantics\IdentityProvider\IdentityProvider.csproj", "{0C2A6FBE-38AD-48D9-9179-47853B2CB871}"
EndProject
Project("{FAE04EC0-301F-11D3-BF4B-00C04F79EFBC}") = "Globomantics.Api", "Globomantics.Api\Globomantics.Api.csproj", "{01FF8C69-97D9-4C16-B948-ADA638C9FE1B}"
EndProject
Global
	GlobalSection(SolutionConfigurationPlatforms) = preSolution
		Debug|Any CPU = Debug|Any CPU
		Release|Any CPU = Release|Any CPU
	EndGlobalSection
	GlobalSection(ProjectConfigurationPlatforms) = postSolution
		{1B672C0D-EB9E-4800-8972-BFF55DD73FC0}.Debug|Any CPU.ActiveCfg = Debug|Any CPU
		{1B672C0D-EB9E-4800-8972-BFF55DD73FC0}.Debug|Any CPU.Build.0 = Debug|Any CPU
		{1B672C0D-EB9E-4800-8972-BFF55DD73FC0}.Release|Any CPU.ActiveCfg = Release|Any CPU
		{1B672C0D-EB9E-4800-8972-BFF55DD73FC0}.Release|Any CPU.Build.0 = Release|Any CPU
		{A1A7A4ED-0333-4983-B945-21008D6F22D5}.Debug|Any CPU.ActiveCfg = Debug|Any CPU
		{A1A7A4ED-0333-4983-B945-21008D6F22D5}.Debug|Any CPU.Build.0 = Debug|Any CPU
		{A1A7A4ED-0333-4983-B945-21008D6F22D5}.Release|Any CPU.ActiveCfg = Release|Any CPU
		{A1A7A4ED-0333-4983-B945-21008D6F22D5}.Release|Any CPU.Build.0 = Release|Any CPU
		{6A199F44-808D-48A7-9EB3-10511ADC2603}.Debug|Any CPU.ActiveCfg = Debug|Any CPU
		{6A199F44-808D-48A7-9EB3-10511ADC2603}.Debug|Any CPU.Build.0 = Debug|Any CPU
		{6A199F44-808D-48A7-9EB3-10511ADC2603}.Release|Any CPU.ActiveCfg = Release|Any CPU
		{6A199F44-808D-48A7-9EB3-10511ADC2603}.Release|Any CPU.Build.0 = Release|Any CPU
		{0C2A6FBE-38AD-48D9-9179-47853B2CB871}.Debug|Any CPU.ActiveCfg = Debug|Any CPU
		{0C2A6FBE-38AD-48D9-9179-47853B2CB871}.Debug|Any CPU.Build.0 = Debug|Any CPU
		{0C2A6FBE-38AD-48D9-9179-47853B2CB871}.Release|Any CPU.ActiveCfg = Release|Any CPU
		{0C2A6FBE-38AD-48D9-9179-47853B2CB871}.Release|Any CPU.Build.0 = Release|Any CPU
		{01FF8C69-97D9-4C16-B948-ADA638C9FE1B}.Debug|Any CPU.ActiveCfg = Debug|Any CPU
		{01FF8C69-97D9-4C16-B948-ADA638C9FE1B}.Debug|Any CPU.Build.0 = Debug|Any CPU
		{01FF8C69-97D9-4C16-B948-ADA638C9FE1B}.Release|Any CPU.ActiveCfg = Release|Any CPU
		{01FF8C69-97D9-4C16-B948-ADA638C9FE1B}.Release|Any CPU.Build.0 = Release|Any CPU
	EndGlobalSection
	GlobalSection(SolutionProperties) = preSolution
		HideSolutionNode = FALSE
	EndGlobalSection
	GlobalSection(ExtensibilityGlobals) = postSolution
		SolutionGuid = {4617DEB5-8935-43C8-86B5-00094ABE8212}
	EndGlobalSection
EndGlobal
